// !$*UTF8*$!
{
	archiveVersion = 1;
	classes = {
	};
	objectVersion = 48;
	objects = {

/* Begin PBXBuildFile section */
		089BDEDF7DEAF99239E6667B /* Pods_gitclient.framework in Frameworks */ = {isa = PBXBuildFile; fileRef = C6CA8422AEBD5BA7F265824B /* Pods_gitclient.framework */; };
		64E723A620412F4400F4BE9A /* AppDelegate.swift in Sources */ = {isa = PBXBuildFile; fileRef = 64E723A520412F4400F4BE9A /* AppDelegate.swift */; };
		64E723A820412F4400F4BE9A /* ViewController.swift in Sources */ = {isa = PBXBuildFile; fileRef = 64E723A720412F4400F4BE9A /* ViewController.swift */; };
		64E723AB20412F4400F4BE9A /* Main.storyboard in Resources */ = {isa = PBXBuildFile; fileRef = 64E723A920412F4400F4BE9A /* Main.storyboard */; };
		64E723AD20412F4400F4BE9A /* Assets.xcassets in Resources */ = {isa = PBXBuildFile; fileRef = 64E723AC20412F4400F4BE9A /* Assets.xcassets */; };
		64E723B020412F4400F4BE9A /* LaunchScreen.storyboard in Resources */ = {isa = PBXBuildFile; fileRef = 64E723AE20412F4400F4BE9A /* LaunchScreen.storyboard */; };
/* End PBXBuildFile section */

/* Begin PBXFileReference section */
		64E723A220412F4400F4BE9A /* gitclient.app */ = {isa = PBXFileReference; explicitFileType = wrapper.application; includeInIndex = 0; path = gitclient.app; sourceTree = BUILT_PRODUCTS_DIR; };
		64E723A520412F4400F4BE9A /* AppDelegate.swift */ = {isa = PBXFileReference; lastKnownFileType = sourcecode.swift; path = AppDelegate.swift; sourceTree = "<group>"; };
		64E723A720412F4400F4BE9A /* ViewController.swift */ = {isa = PBXFileReference; lastKnownFileType = sourcecode.swift; path = ViewController.swift; sourceTree = "<group>"; };
		64E723AA20412F4400F4BE9A /* Base */ = {isa = PBXFileReference; lastKnownFileType = file.storyboard; name = Base; path = Base.lproj/Main.storyboard; sourceTree = "<group>"; };
		64E723AC20412F4400F4BE9A /* Assets.xcassets */ = {isa = PBXFileReference; lastKnownFileType = folder.assetcatalog; path = Assets.xcassets; sourceTree = "<group>"; };
		64E723AF20412F4400F4BE9A /* Base */ = {isa = PBXFileReference; lastKnownFileType = file.storyboard; name = Base; path = Base.lproj/LaunchScreen.storyboard; sourceTree = "<group>"; };
		64E723B120412F4400F4BE9A /* Info.plist */ = {isa = PBXFileReference; lastKnownFileType = text.plist.xml; path = Info.plist; sourceTree = "<group>"; };
		C6CA8422AEBD5BA7F265824B /* Pods_gitclient.framework */ = {isa = PBXFileReference; explicitFileType = wrapper.framework; includeInIndex = 0; path = Pods_gitclient.framework; sourceTree = BUILT_PRODUCTS_DIR; };
		F75255F08352AA35752F7F46 /* Pods-gitclient.debug.xcconfig */ = {isa = PBXFileReference; includeInIndex = 1; lastKnownFileType = text.xcconfig; name = "Pods-gitclient.debug.xcconfig"; path = "Pods/Target Support Files/Pods-gitclient/Pods-gitclient.debug.xcconfig"; sourceTree = "<group>"; };
		FF99B63CC31B7479A79A51E8 /* Pods-gitclient.release.xcconfig */ = {isa = PBXFileReference; includeInIndex = 1; lastKnownFileType = text.xcconfig; name = "Pods-gitclient.release.xcconfig"; path = "Pods/Target Support Files/Pods-gitclient/Pods-gitclient.release.xcconfig"; sourceTree = "<group>"; };
/* End PBXFileReference section */

/* Begin PBXFrameworksBuildPhase section */
		64E7239F20412F4400F4BE9A /* Frameworks */ = {
			isa = PBXFrameworksBuildPhase;
			buildActionMask = 2147483647;
			files = (
				089BDEDF7DEAF99239E6667B /* Pods_gitclient.framework in Frameworks */,
			);
			runOnlyForDeploymentPostprocessing = 0;
		};
/* End PBXFrameworksBuildPhase section */

/* Begin PBXGroup section */
		0582833EEA47DA09B091D524 /* Pods */ = {
			isa = PBXGroup;
			children = (
				F75255F08352AA35752F7F46 /* Pods-gitclient.debug.xcconfig */,
				FF99B63CC31B7479A79A51E8 /* Pods-gitclient.release.xcconfig */,
			);
			name = Pods;
			sourceTree = "<group>";
		};
		64E7239920412F4400F4BE9A = {
			isa = PBXGroup;
			children = (
				64E723A420412F4400F4BE9A /* gitclient */,
				64E723A320412F4400F4BE9A /* Products */,
				0582833EEA47DA09B091D524 /* Pods */,
				F7C1E4CF169CFA68A75DF711 /* Frameworks */,
			);
			sourceTree = "<group>";
		};
		64E723A320412F4400F4BE9A /* Products */ = {
			isa = PBXGroup;
			children = (
				64E723A220412F4400F4BE9A /* gitclient.app */,
			);
			name = Products;
			sourceTree = "<group>";
		};
		64E723A420412F4400F4BE9A /* gitclient */ = {
			isa = PBXGroup;
			children = (
				64E723A520412F4400F4BE9A /* AppDelegate.swift */,
				64E723A720412F4400F4BE9A /* ViewController.swift */,
				64E723A920412F4400F4BE9A /* Main.storyboard */,
				64E723AC20412F4400F4BE9A /* Assets.xcassets */,
				64E723AE20412F4400F4BE9A /* LaunchScreen.storyboard */,
				64E723B120412F4400F4BE9A /* Info.plist */,
			);
			path = gitclient;
			sourceTree = "<group>";
		};
		F7C1E4CF169CFA68A75DF711 /* Frameworks */ = {
			isa = PBXGroup;
			children = (
				C6CA8422AEBD5BA7F265824B /* Pods_gitclient.framework */,
			);
			name = Frameworks;
			sourceTree = "<group>";
		};
/* End PBXGroup section */

/* Begin PBXNativeTarget section */
		64E723A120412F4400F4BE9A /* gitclient */ = {
			isa = PBXNativeTarget;
			buildConfigurationList = 64E723B420412F4400F4BE9A /* Build configuration list for PBXNativeTarget "gitclient" */;
			buildPhases = (
				8D79316A2F142B5DA3E78899 /* [CP] Check Pods Manifest.lock */,
				64E7239E20412F4400F4BE9A /* Sources */,
				64E7239F20412F4400F4BE9A /* Frameworks */,
				64E723A020412F4400F4BE9A /* Resources */,
				177820F21C290D9C02E5D815 /* [CP] Embed Pods Frameworks */,
				CB3A86AA3A293D255F217426 /* [CP] Copy Pods Resources */,
			);
			buildRules = (
			);
			dependencies = (
			);
			name = gitclient;
			productName = gitclient;
			productReference = 64E723A220412F4400F4BE9A /* gitclient.app */;
			productType = "com.apple.product-type.application";
		};
/* End PBXNativeTarget section */

/* Begin PBXProject section */
		64E7239A20412F4400F4BE9A /* Project object */ = {
			isa = PBXProject;
			attributes = {
				LastSwiftUpdateCheck = 0920;
				LastUpgradeCheck = 0920;
				ORGANIZATIONNAME = "小林知弥";
				TargetAttributes = {
					64E723A120412F4400F4BE9A = {
						CreatedOnToolsVersion = 9.2;
						ProvisioningStyle = Automatic;
					};
				};
			};
			buildConfigurationList = 64E7239D20412F4400F4BE9A /* Build configuration list for PBXProject "gitclient" */;
			compatibilityVersion = "Xcode 8.0";
			developmentRegion = en;
			hasScannedForEncodings = 0;
			knownRegions = (
				en,
				Base,
			);
			mainGroup = 64E7239920412F4400F4BE9A;
			productRefGroup = 64E723A320412F4400F4BE9A /* Products */;
			projectDirPath = "";
			projectRoot = "";
			targets = (
				64E723A120412F4400F4BE9A /* gitclient */,
			);
		};
/* End PBXProject section */

/* Begin PBXResourcesBuildPhase section */
		64E723A020412F4400F4BE9A /* Resources */ = {
			isa = PBXResourcesBuildPhase;
			buildActionMask = 2147483647;
			files = (
				64E723B020412F4400F4BE9A /* LaunchScreen.storyboard in Resources */,
				64E723AD20412F4400F4BE9A /* Assets.xcassets in Resources */,
				64E723AB20412F4400F4BE9A /* Main.storyboard in Resources */,
			);
			runOnlyForDeploymentPostprocessing = 0;
		};
/* End PBXResourcesBuildPhase section */

/* Begin PBXShellScriptBuildPhase section */
		177820F21C290D9C02E5D815 /* [CP] Embed Pods Frameworks */ = {
			isa = PBXShellScriptBuildPhase;
			buildActionMask = 2147483647;
			files = (
			);
			inputPaths = (
				"${SRCROOT}/Pods/Target Support Files/Pods-gitclient/Pods-gitclient-frameworks.sh",
				"${BUILT_PRODUCTS_DIR}/Alamofire/Alamofire.framework",
				"${BUILT_PRODUCTS_DIR}/Alamofire-Synchronous/Alamofire_Synchronous.framework",
				"${BUILT_PRODUCTS_DIR}/SwiftyJSON/SwiftyJSON.framework",
			);
			name = "[CP] Embed Pods Frameworks";
			outputPaths = (
				"${TARGET_BUILD_DIR}/${FRAMEWORKS_FOLDER_PATH}/Alamofire.framework",
				"${TARGET_BUILD_DIR}/${FRAMEWORKS_FOLDER_PATH}/Alamofire_Synchronous.framework",
				"${TARGET_BUILD_DIR}/${FRAMEWORKS_FOLDER_PATH}/SwiftyJSON.framework",
			);
			runOnlyForDeploymentPostprocessing = 0;
			shellPath = /bin/sh;
			shellScript = "\"${SRCROOT}/Pods/Target Support Files/Pods-gitclient/Pods-gitclient-frameworks.sh\"\n";
			showEnvVarsInLog = 0;
		};
		8D79316A2F142B5DA3E78899 /* [CP] Check Pods Manifest.lock */ = {
			isa = PBXShellScriptBuildPhase;
			buildActionMask = 2147483647;
			files = (
			);
			inputPaths = (
				"${PODS_PODFILE_DIR_PATH}/Podfile.lock",
				"${PODS_ROOT}/Manifest.lock",
			);
			name = "[CP] Check Pods Manifest.lock";
			outputPaths = (
				"$(DERIVED_FILE_DIR)/Pods-gitclient-checkManifestLockResult.txt",
			);
			runOnlyForDeploymentPostprocessing = 0;
			shellPath = /bin/sh;
			shellScript = "diff \"${PODS_PODFILE_DIR_PATH}/Podfile.lock\" \"${PODS_ROOT}/Manifest.lock\" > /dev/null\nif [ $? != 0 ] ; then\n    # print error to STDERR\n    echo \"error: The sandbox is not in sync with the Podfile.lock. Run 'pod install' or update your CocoaPods installation.\" >&2\n    exit 1\nfi\n# This output is used by Xcode 'outputs' to avoid re-running this script phase.\necho \"SUCCESS\" > \"${SCRIPT_OUTPUT_FILE_0}\"\n";
			showEnvVarsInLog = 0;
		};
		CB3A86AA3A293D255F217426 /* [CP] Copy Pods Resources */ = {
			isa = PBXShellScriptBuildPhase;
			buildActionMask = 2147483647;
			files = (
			);
			inputPaths = (
			);
			name = "[CP] Copy Pods Resources";
			outputPaths = (
			);
			runOnlyForDeploymentPostprocessing = 0;
			shellPath = /bin/sh;
			shellScript = "\"${SRCROOT}/Pods/Target Support Files/Pods-gitclient/Pods-gitclient-resources.sh\"\n";
			showEnvVarsInLog = 0;
		};
/* End PBXShellScriptBuildPhase section */

/* Begin PBXSourcesBuildPhase section */
		64E7239E20412F4400F4BE9A /* Sources */ = {
			isa = PBXSourcesBuildPhase;
			buildActionMask = 2147483647;
			files = (
				64E723A820412F4400F4BE9A /* ViewController.swift in Sources */,
				64E723A620412F4400F4BE9A /* AppDelegate.swift in Sources */,
			);
			runOnlyForDeploymentPostprocessing = 0;
		};
/* End PBXSourcesBuildPhase section */

/* Begin PBXVariantGroup section */
		64E723A920412F4400F4BE9A /* Main.storyboard */ = {
			isa = PBXVariantGroup;
			children = (
				64E723AA20412F4400F4BE9A /* Base */,
			);
			name = Main.storyboard;
			sourceTree = "<group>";
		};
		64E723AE20412F4400F4BE9A /* LaunchScreen.storyboard */ = {
			isa = PBXVariantGroup;
			children = (
				64E723AF20412F4400F4BE9A /* Base */,
			);
			name = LaunchScreen.storyboard;
			sourceTree = "<group>";
		};
/* End PBXVariantGroup section */

/* Begin XCBuildConfiguration section */
		64E723B220412F4400F4BE9A /* Debug */ = {
			isa = XCBuildConfiguration;
			buildSettings = {
				ALWAYS_SEARCH_USER_PATHS = NO;
				CLANG_ANALYZER_NONNULL = YES;
				CLANG_ANALYZER_NUMBER_OBJECT_CONVERSION = YES_AGGRESSIVE;
				CLANG_CXX_LANGUAGE_STANDARD = "gnu++14";
				CLANG_CXX_LIBRARY = "libc++";
				CLANG_ENABLE_MODULES = YES;
				CLANG_ENABLE_OBJC_ARC = YES;
				CLANG_WARN_BLOCK_CAPTURE_AUTORELEASING = YES;
				CLANG_WARN_BOOL_CONVERSION = YES;
				CLANG_WARN_COMMA = YES;
				CLANG_WARN_CONSTANT_CONVERSION = YES;
				CLANG_WARN_DIRECT_OBJC_ISA_USAGE = YES_ERROR;
				CLANG_WARN_DOCUMENTATION_COMMENTS = YES;
				CLANG_WARN_EMPTY_BODY = YES;
				CLANG_WARN_ENUM_CONVERSION = YES;
				CLANG_WARN_INFINITE_RECURSION = YES;
				CLANG_WARN_INT_CONVERSION = YES;
				CLANG_WARN_NON_LITERAL_NULL_CONVERSION = YES;
				CLANG_WARN_OBJC_LITERAL_CONVERSION = YES;
				CLANG_WARN_OBJC_ROOT_CLASS = YES_ERROR;
				CLANG_WARN_RANGE_LOOP_ANALYSIS = YES;
				CLANG_WARN_STRICT_PROTOTYPES = YES;
				CLANG_WARN_SUSPICIOUS_MOVE = YES;
				CLANG_WARN_UNGUARDED_AVAILABILITY = YES_AGGRESSIVE;
				CLANG_WARN_UNREACHABLE_CODE = YES;
				CLANG_WARN__DUPLICATE_METHOD_MATCH = YES;
				CODE_SIGN_IDENTITY = "iPhone Developer";
				COPY_PHASE_STRIP = NO;
				DEBUG_INFORMATION_FORMAT = dwarf;
				ENABLE_STRICT_OBJC_MSGSEND = YES;
				ENABLE_TESTABILITY = YES;
				GCC_C_LANGUAGE_STANDARD = gnu11;
				GCC_DYNAMIC_NO_PIC = NO;
				GCC_NO_COMMON_BLOCKS = YES;
				GCC_OPTIMIZATION_LEVEL = 0;
				GCC_PREPROCESSOR_DEFINITIONS = (
					"DEBUG=1",
					"$(inherited)",
				);
				GCC_WARN_64_TO_32_BIT_CONVERSION = YES;
				GCC_WARN_ABOUT_RETURN_TYPE = YES_ERROR;
				GCC_WARN_UNDECLARED_SELECTOR = YES;
				GCC_WARN_UNINITIALIZED_AUTOS = YES_AGGRESSIVE;
				GCC_WARN_UNUSED_FUNCTION = YES;
				GCC_WARN_UNUSED_VARIABLE = YES;
				IPHONEOS_DEPLOYMENT_TARGET = 11.2;
				MTL_ENABLE_DEBUG_INFO = YES;
				ONLY_ACTIVE_ARCH = YES;
				SDKROOT = iphoneos;
				SWIFT_ACTIVE_COMPILATION_CONDITIONS = DEBUG;
				SWIFT_OPTIMIZATION_LEVEL = "-Onone";
			};
			name = Debug;
		};
		64E723B320412F4400F4BE9A /* Release */ = {
			isa = XCBuildConfiguration;
			buildSettings = {
				ALWAYS_SEARCH_USER_PATHS = NO;
				CLANG_ANALYZER_NONNULL = YES;
				CLANG_ANALYZER_NUMBER_OBJECT_CONVERSION = YES_AGGRESSIVE;
				CLANG_CXX_LANGUAGE_STANDARD = "gnu++14";
				CLANG_CXX_LIBRARY = "libc++";
				CLANG_ENABLE_MODULES = YES;
				CLANG_ENABLE_OBJC_ARC = YES;
				CLANG_WARN_BLOCK_CAPTURE_AUTORELEASING = YES;
				CLANG_WARN_BOOL_CONVERSION = YES;
				CLANG_WARN_COMMA = YES;
				CLANG_WARN_CONSTANT_CONVERSION = YES;
				CLANG_WARN_DIRECT_OBJC_ISA_USAGE = YES_ERROR;
				CLANG_WARN_DOCUMENTATION_COMMENTS = YES;
				CLANG_WARN_EMPTY_BODY = YES;
				CLANG_WARN_ENUM_CONVERSION = YES;
				CLANG_WARN_INFINITE_RECURSION = YES;
				CLANG_WARN_INT_CONVERSION = YES;
				CLANG_WARN_NON_LITERAL_NULL_CONVERSION = YES;
				CLANG_WARN_OBJC_LITERAL_CONVERSION = YES;
				CLANG_WARN_OBJC_ROOT_CLASS = YES_ERROR;
				CLANG_WARN_RANGE_LOOP_ANALYSIS = YES;
				CLANG_WARN_STRICT_PROTOTYPES = YES;
				CLANG_WARN_SUSPICIOUS_MOVE = YES;
				CLANG_WARN_UNGUARDED_AVAILABILITY = YES_AGGRESSIVE;
				CLANG_WARN_UNREACHABLE_CODE = YES;
				CLANG_WARN__DUPLICATE_METHOD_MATCH = YES;
				CODE_SIGN_IDENTITY = "iPhone Developer";
				COPY_PHASE_STRIP = NO;
				DEBUG_INFORMATION_FORMAT = "dwarf-with-dsym";
				ENABLE_NS_ASSERTIONS = NO;
				ENABLE_STRICT_OBJC_MSGSEND = YES;
				GCC_C_LANGUAGE_STANDARD = gnu11;
				GCC_NO_COMMON_BLOCKS = YES;
				GCC_WARN_64_TO_32_BIT_CONVERSION = YES;
				GCC_WARN_ABOUT_RETURN_TYPE = YES_ERROR;
				GCC_WARN_UNDECLARED_SELECTOR = YES;
				GCC_WARN_UNINITIALIZED_AUTOS = YES_AGGRESSIVE;
				GCC_WARN_UNUSED_FUNCTION = YES;
				GCC_WARN_UNUSED_VARIABLE = YES;
				IPHONEOS_DEPLOYMENT_TARGET = 11.2;
				MTL_ENABLE_DEBUG_INFO = NO;
				SDKROOT = iphoneos;
				SWIFT_OPTIMIZATION_LEVEL = "-Owholemodule";
				VALIDATE_PRODUCT = YES;
			};
			name = Release;
		};
		64E723B520412F4400F4BE9A /* Debug */ = {
			isa = XCBuildConfiguration;
			baseConfigurationReference = F75255F08352AA35752F7F46 /* Pods-gitclient.debug.xcconfig */;
			buildSettings = {
				ASSETCATALOG_COMPILER_APPICON_NAME = AppIcon;
				CODE_SIGN_STYLE = Automatic;
				INFOPLIST_FILE = gitclient/Info.plist;
				LD_RUNPATH_SEARCH_PATHS = "$(inherited) @executable_path/Frameworks";
				PRODUCT_BUNDLE_IDENTIFIER = site.kobatomo.gitclient;
				PRODUCT_NAME = "$(TARGET_NAME)";
				SWIFT_VERSION = 4.0;
				TARGETED_DEVICE_FAMILY = "1,2";
			};
			name = Debug;
		};
		64E723B620412F4400F4BE9A /* Release */ = {
			isa = XCBuildConfiguration;
			baseConfigurationReference = FF99B63CC31B7479A79A51E8 /* Pods-gitclient.release.xcconfig */;
			buildSettings = {
				ASSETCATALOG_COMPILER_APPICON_NAME = AppIcon;
				CODE_SIGN_STYLE = Automatic;
				INFOPLIST_FILE = gitclient/Info.plist;
				LD_RUNPATH_SEARCH_PATHS = "$(inherited) @executable_path/Frameworks";
				PRODUCT_BUNDLE_IDENTIFIER = site.kobatomo.gitclient;
				PRODUCT_NAME = "$(TARGET_NAME)";
				SWIFT_VERSION = 4.0;
				TARGETED_DEVICE_FAMILY = "1,2";
			};
			name = Release;
		};
/* End XCBuildConfiguration section */

/* Begin XCConfigurationList section */
		64E7239D20412F4400F4BE9A /* Build configuration list for PBXProject "gitclient" */ = {
			isa = XCConfigurationList;
			buildConfigurations = (
				64E723B220412F4400F4BE9A /* Debug */,
				64E723B320412F4400F4BE9A /* Release */,
			);
			defaultConfigurationIsVisible = 0;
			defaultConfigurationName = Release;
		};
		64E723B420412F4400F4BE9A /* Build configuration list for PBXNativeTarget "gitclient" */ = {
			isa = XCConfigurationList;
			buildConfigurations = (
				64E723B520412F4400F4BE9A /* Debug */,
				64E723B620412F4400F4BE9A /* Release */,
			);
			defaultConfigurationIsVisible = 0;
			defaultConfigurationName = Release;
		};
/* End XCConfigurationList section */
	};
	rootObject = 64E7239A20412F4400F4BE9A /* Project object */;
}
